// !$*UTF8*$!
{
	archiveVersion = 1;
	classes = {
	};
	objectVersion = 50;
	objects = {

/* Begin PBXBuildFile section */
		A401A8822086917400774820 /* AppDelegate.swift in Sources */ = {isa = PBXBuildFile; fileRef = A401A8812086917400774820 /* AppDelegate.swift */; };
		A401A8872086917400774820 /* Main.storyboard in Resources */ = {isa = PBXBuildFile; fileRef = A401A8852086917400774820 /* Main.storyboard */; };
		A401A8892086917600774820 /* Assets.xcassets in Resources */ = {isa = PBXBuildFile; fileRef = A401A8882086917600774820 /* Assets.xcassets */; };
		A401A88C2086917600774820 /* LaunchScreen.storyboard in Resources */ = {isa = PBXBuildFile; fileRef = A401A88A2086917600774820 /* LaunchScreen.storyboard */; };
		A401A894208691AC00774820 /* gradientView.swift in Sources */ = {isa = PBXBuildFile; fileRef = A401A893208691AC00774820 /* gradientView.swift */; };
		A401A896208695D400774820 /* secondView.swift in Sources */ = {isa = PBXBuildFile; fileRef = A401A895208695D400774820 /* secondView.swift */; };
		A401A89F20869D6200774820 /* homeViewController.swift in Sources */ = {isa = PBXBuildFile; fileRef = A401A89E20869D6200774820 /* homeViewController.swift */; };
		A401A8A120869D8100774820 /* loginVC.swift in Sources */ = {isa = PBXBuildFile; fileRef = A401A8A020869D8100774820 /* loginVC.swift */; };
		A401A8A320869D9300774820 /* registerVC.swift in Sources */ = {isa = PBXBuildFile; fileRef = A401A8A220869D9300774820 /* registerVC.swift */; };
		A401A8A520869DB000774820 /* WelcomeVC.swift in Sources */ = {isa = PBXBuildFile; fileRef = A401A8A420869DB000774820 /* WelcomeVC.swift */; };
/* End PBXBuildFile section */

/* Begin PBXFileReference section */
		A401A87E2086917400774820 /* GradientPractice.app */ = {isa = PBXFileReference; explicitFileType = wrapper.application; includeInIndex = 0; path = GradientPractice.app; sourceTree = BUILT_PRODUCTS_DIR; };
		A401A8812086917400774820 /* AppDelegate.swift */ = {isa = PBXFileReference; lastKnownFileType = sourcecode.swift; path = AppDelegate.swift; sourceTree = "<group>"; };
		A401A8862086917400774820 /* Base */ = {isa = PBXFileReference; lastKnownFileType = file.storyboard; name = Base; path = Base.lproj/Main.storyboard; sourceTree = "<group>"; };
		A401A8882086917600774820 /* Assets.xcassets */ = {isa = PBXFileReference; lastKnownFileType = folder.assetcatalog; path = Assets.xcassets; sourceTree = "<group>"; };
		A401A88B2086917600774820 /* Base */ = {isa = PBXFileReference; lastKnownFileType = file.storyboard; name = Base; path = Base.lproj/LaunchScreen.storyboard; sourceTree = "<group>"; };
		A401A88D2086917600774820 /* Info.plist */ = {isa = PBXFileReference; lastKnownFileType = text.plist.xml; path = Info.plist; sourceTree = "<group>"; };
		A401A893208691AC00774820 /* gradientView.swift */ = {isa = PBXFileReference; lastKnownFileType = sourcecode.swift; path = gradientView.swift; sourceTree = "<group>"; };
		A401A895208695D400774820 /* secondView.swift */ = {isa = PBXFileReference; lastKnownFileType = sourcecode.swift; path = secondView.swift; sourceTree = "<group>"; };
		A401A89E20869D6200774820 /* homeViewController.swift */ = {isa = PBXFileReference; lastKnownFileType = sourcecode.swift; path = homeViewController.swift; sourceTree = "<group>"; };
		A401A8A020869D8100774820 /* loginVC.swift */ = {isa = PBXFileReference; lastKnownFileType = sourcecode.swift; path = loginVC.swift; sourceTree = "<group>"; };
		A401A8A220869D9300774820 /* registerVC.swift */ = {isa = PBXFileReference; lastKnownFileType = sourcecode.swift; path = registerVC.swift; sourceTree = "<group>"; };
		A401A8A420869DB000774820 /* WelcomeVC.swift */ = {isa = PBXFileReference; lastKnownFileType = sourcecode.swift; path = WelcomeVC.swift; sourceTree = "<group>"; };
/* End PBXFileReference section */

/* Begin PBXFrameworksBuildPhase section */
		A401A87B2086917400774820 /* Frameworks */ = {
			isa = PBXFrameworksBuildPhase;
			buildActionMask = 2147483647;
			files = (
			);
			runOnlyForDeploymentPostprocessing = 0;
		};
/* End PBXFrameworksBuildPhase section */

/* Begin PBXGroup section */
		A401A8752086917400774820 = {
			isa = PBXGroup;
			children = (
				A401A8802086917400774820 /* GradientPractice */,
				A401A87F2086917400774820 /* Products */,
			);
			sourceTree = "<group>";
		};
		A401A87F2086917400774820 /* Products */ = {
			isa = PBXGroup;
			children = (
				A401A87E2086917400774820 /* GradientPractice.app */,
			);
			name = Products;
			sourceTree = "<group>";
		};
		A401A8802086917400774820 /* GradientPractice */ = {
			isa = PBXGroup;
			children = (
				A401A89B20869C2900774820 /* Model */,
				A401A89A20869C1E00774820 /* Controller */,
				A401A89920869C1500774820 /* View */,
				A401A8812086917400774820 /* AppDelegate.swift */,
				A401A8852086917400774820 /* Main.storyboard */,
				A401A8882086917600774820 /* Assets.xcassets */,
				A401A88A2086917600774820 /* LaunchScreen.storyboard */,
				A401A88D2086917600774820 /* Info.plist */,
			);
			path = GradientPractice;
			sourceTree = "<group>";
		};
		A401A89920869C1500774820 /* View */ = {
			isa = PBXGroup;
			children = (
				A401A893208691AC00774820 /* gradientView.swift */,
				A401A895208695D400774820 /* secondView.swift */,
			);
			path = View;
			sourceTree = "<group>";
		};
		A401A89A20869C1E00774820 /* Controller */ = {
			isa = PBXGroup;
			children = (
				A401A89E20869D6200774820 /* homeViewController.swift */,
				A401A8A020869D8100774820 /* loginVC.swift */,
				A401A8A220869D9300774820 /* registerVC.swift */,
				A401A8A420869DB000774820 /* WelcomeVC.swift */,
			);
			path = Controller;
			sourceTree = "<group>";
		};
		A401A89B20869C2900774820 /* Model */ = {
			isa = PBXGroup;
			children = (
			);
			path = Model;
			sourceTree = "<group>";
		};
/* End PBXGroup section */

/* Begin PBXNativeTarget section */
		A401A87D2086917400774820 /* GradientPractice */ = {
			isa = PBXNativeTarget;
			buildConfigurationList = A401A8902086917600774820 /* Build configuration list for PBXNativeTarget "GradientPractice" */;
			buildPhases = (
				A401A87A2086917400774820 /* Sources */,
				A401A87B2086917400774820 /* Frameworks */,
				A401A87C2086917400774820 /* Resources */,
			);
			buildRules = (
			);
			dependencies = (
			);
			name = GradientPractice;
			productName = GradientPractice;
			productReference = A401A87E2086917400774820 /* GradientPractice.app */;
			productType = "com.apple.product-type.application";
		};
/* End PBXNativeTarget section */

/* Begin PBXProject section */
		A401A8762086917400774820 /* Project object */ = {
			isa = PBXProject;
			attributes = {
				LastSwiftUpdateCheck = 0930;
				LastUpgradeCheck = 0930;
				ORGANIZATIONNAME = Mohanad;
				TargetAttributes = {
					A401A87D2086917400774820 = {
						CreatedOnToolsVersion = 9.3;
					};
				};
			};
			buildConfigurationList = A401A8792086917400774820 /* Build configuration list for PBXProject "GradientPractice" */;
			compatibilityVersion = "Xcode 9.3";
			developmentRegion = en;
			hasScannedForEncodings = 0;
			knownRegions = (
				en,
				Base,
			);
			mainGroup = A401A8752086917400774820;
			productRefGroup = A401A87F2086917400774820 /* Products */;
			projectDirPath = "";
			projectRoot = "";
			targets = (
				A401A87D2086917400774820 /* GradientPractice */,
			);
		};
/* End PBXProject section */

/* Begin PBXResourcesBuildPhase section */
		A401A87C2086917400774820 /* Resources */ = {
			isa = PBXResourcesBuildPhase;
			buildActionMask = 2147483647;
			files = (
				A401A88C2086917600774820 /* LaunchScreen.storyboard in Resources */,
				A401A8892086917600774820 /* Assets.xcassets in Resources */,
				A401A8872086917400774820 /* Main.storyboard in Resources */,
			);
			runOnlyForDeploymentPostprocessing = 0;
		};
/* End PBXResourcesBuildPhase section */

/* Begin PBXSourcesBuildPhase section */
		A401A87A2086917400774820 /* Sources */ = {
			isa = PBXSourcesBuildPhase;
			buildActionMask = 2147483647;
			files = (
				A401A89F20869D6200774820 /* homeViewController.swift in Sources */,
				A401A8A320869D9300774820 /* registerVC.swift in Sources */,
				A401A8A120869D8100774820 /* loginVC.swift in Sources */,
				A401A8822086917400774820 /* AppDelegate.swift in Sources */,
				A401A896208695D400774820 /* secondView.swift in Sources */,
				A401A8A520869DB000774820 /* WelcomeVC.swift in Sources */,
				A401A894208691AC00774820 /* gradientView.swift in Sources */,
			);
			runOnlyForDeploymentPostprocessing = 0;
		};
/* End PBXSourcesBuildPhase section */

/* Begin PBXVariantGroup section */
		A401A8852086917400774820 /* Main.storyboard */ = {
			isa = PBXVariantGroup;
			children = (
				A401A8862086917400774820 /* Base */,
			);
			name = Main.storyboard;
			sourceTree = "<group>";
		};
		A401A88A2086917600774820 /* LaunchScreen.storyboard */ = {
			isa = PBXVariantGroup;
			children = (
				A401A88B2086917600774820 /* Base */,
			);
			name = LaunchScreen.storyboard;
			sourceTree = "<group>";
		};
/* End PBXVariantGroup section */

/* Begin XCBuildConfiguration section */
		A401A88E2086917600774820 /* Debug */ = {
			isa = XCBuildConfiguration;
			buildSettings = {
				ALWAYS_SEARCH_USER_PATHS = NO;
				CLANG_ANALYZER_NONNULL = YES;
				CLANG_ANALYZER_NUMBER_OBJECT_CONVERSION = YES_AGGRESSIVE;
				CLANG_CXX_LANGUAGE_STANDARD = "gnu++14";
				CLANG_CXX_LIBRARY = "libc++";
				CLANG_ENABLE_MODULES = YES;
				CLANG_ENABLE_OBJC_ARC = YES;
				CLANG_ENABLE_OBJC_WEAK = YES;
				CLANG_WARN_BLOCK_CAPTURE_AUTORELEASING = YES;
				CLANG_WARN_BOOL_CONVERSION = YES;
				CLANG_WARN_COMMA = YES;
				CLANG_WARN_CONSTANT_CONVERSION = YES;
				CLANG_WARN_DEPRECATED_OBJC_IMPLEMENTATIONS = YES;
				CLANG_WARN_DIRECT_OBJC_ISA_USAGE = YES_ERROR;
				CLANG_WARN_DOCUMENTATION_COMMENTS = YES;
				CLANG_WARN_EMPTY_BODY = YES;
				CLANG_WARN_ENUM_CONVERSION = YES;
				CLANG_WARN_INFINITE_RECURSION = YES;
				CLANG_WARN_INT_CONVERSION = YES;
				CLANG_WARN_NON_LITERAL_NULL_CONVERSION = YES;
				CLANG_WARN_OBJC_IMPLICIT_RETAIN_SELF = YES;
				CLANG_WARN_OBJC_LITERAL_CONVERSION = YES;
				CLANG_WARN_OBJC_ROOT_CLASS = YES_ERROR;
				CLANG_WARN_RANGE_LOOP_ANALYSIS = YES;
				CLANG_WARN_STRICT_PROTOTYPES = YES;
				CLANG_WARN_SUSPICIOUS_MOVE = YES;
				CLANG_WARN_UNGUARDED_AVAILABILITY = YES_AGGRESSIVE;
				CLANG_WARN_UNREACHABLE_CODE = YES;
				CLANG_WARN__DUPLICATE_METHOD_MATCH = YES;
				CODE_SIGN_IDENTITY = "iPhone Developer";
				COPY_PHASE_STRIP = NO;
				DEBUG_INFORMATION_FORMAT = dwarf;
				ENABLE_STRICT_OBJC_MSGSEND = YES;
				ENABLE_TESTABILITY = YES;
				GCC_C_LANGUAGE_STANDARD = gnu11;
				GCC_DYNAMIC_NO_PIC = NO;
				GCC_NO_COMMON_BLOCKS = YES;
				GCC_OPTIMIZATION_LEVEL = 0;
				GCC_PREPROCESSOR_DEFINITIONS = (
					"DEBUG=1",
					"$(inherited)",
				);
				GCC_WARN_64_TO_32_BIT_CONVERSION = YES;
				GCC_WARN_ABOUT_RETURN_TYPE = YES_ERROR;
				GCC_WARN_UNDECLARED_SELECTOR = YES;
				GCC_WARN_UNINITIALIZED_AUTOS = YES_AGGRESSIVE;
				GCC_WARN_UNUSED_FUNCTION = YES;
				GCC_WARN_UNUSED_VARIABLE = YES;
				IPHONEOS_DEPLOYMENT_TARGET = 11.3;
				MTL_ENABLE_DEBUG_INFO = YES;
				ONLY_ACTIVE_ARCH = YES;
				SDKROOT = iphoneos;
				SWIFT_ACTIVE_COMPILATION_CONDITIONS = DEBUG;
				SWIFT_OPTIMIZATION_LEVEL = "-Onone";
			};
			name = Debug;
		};
		A401A88F2086917600774820 /* Release */ = {
			isa = XCBuildConfiguration;
			buildSettings = {
				ALWAYS_SEARCH_USER_PATHS = NO;
				CLANG_ANALYZER_NONNULL = YES;
				CLANG_ANALYZER_NUMBER_OBJECT_CONVERSION = YES_AGGRESSIVE;
				CLANG_CXX_LANGUAGE_STANDARD = "gnu++14";
				CLANG_CXX_LIBRARY = "libc++";
				CLANG_ENABLE_MODULES = YES;
				CLANG_ENABLE_OBJC_ARC = YES;
				CLANG_ENABLE_OBJC_WEAK = YES;
				CLANG_WARN_BLOCK_CAPTURE_AUTORELEASING = YES;
				CLANG_WARN_BOOL_CONVERSION = YES;
				CLANG_WARN_COMMA = YES;
				CLANG_WARN_CONSTANT_CONVERSION = YES;
				CLANG_WARN_DEPRECATED_OBJC_IMPLEMENTATIONS = YES;
				CLANG_WARN_DIRECT_OBJC_ISA_USAGE = YES_ERROR;
				CLANG_WARN_DOCUMENTATION_COMMENTS = YES;
				CLANG_WARN_EMPTY_BODY = YES;
				CLANG_WARN_ENUM_CONVERSION = YES;
				CLANG_WARN_INFINITE_RECURSION = YES;
				CLANG_WARN_INT_CONVERSION = YES;
				CLANG_WARN_NON_LITERAL_NULL_CONVERSION = YES;
				CLANG_WARN_OBJC_IMPLICIT_RETAIN_SELF = YES;
				CLANG_WARN_OBJC_LITERAL_CONVERSION = YES;
				CLANG_WARN_OBJC_ROOT_CLASS = YES_ERROR;
				CLANG_WARN_RANGE_LOOP_ANALYSIS = YES;
				CLANG_WARN_STRICT_PROTOTYPES = YES;
				CLANG_WARN_SUSPICIOUS_MOVE = YES;
				CLANG_WARN_UNGUARDED_AVAILABILITY = YES_AGGRESSIVE;
				CLANG_WARN_UNREACHABLE_CODE = YES;
				CLANG_WARN__DUPLICATE_METHOD_MATCH = YES;
				CODE_SIGN_IDENTITY = "iPhone Developer";
				COPY_PHASE_STRIP = NO;
				DEBUG_INFORMATION_FORMAT = "dwarf-with-dsym";
				ENABLE_NS_ASSERTIONS = NO;
				ENABLE_STRICT_OBJC_MSGSEND = YES;
				GCC_C_LANGUAGE_STANDARD = gnu11;
				GCC_NO_COMMON_BLOCKS = YES;
				GCC_WARN_64_TO_32_BIT_CONVERSION = YES;
				GCC_WARN_ABOUT_RETURN_TYPE = YES_ERROR;
				GCC_WARN_UNDECLARED_SELECTOR = YES;
				GCC_WARN_UNINITIALIZED_AUTOS = YES_AGGRESSIVE;
				GCC_WARN_UNUSED_FUNCTION = YES;
				GCC_WARN_UNUSED_VARIABLE = YES;
				IPHONEOS_DEPLOYMENT_TARGET = 11.3;
				MTL_ENABLE_DEBUG_INFO = NO;
				SDKROOT = iphoneos;
				SWIFT_COMPILATION_MODE = wholemodule;
				SWIFT_OPTIMIZATION_LEVEL = "-O";
				VALIDATE_PRODUCT = YES;
			};
			name = Release;
		};
		A401A8912086917600774820 /* Debug */ = {
			isa = XCBuildConfiguration;
			buildSettings = {
				ASSETCATALOG_COMPILER_APPICON_NAME = AppIcon;
				CODE_SIGN_STYLE = Automatic;
				INFOPLIST_FILE = GradientPractice/Info.plist;
				LD_RUNPATH_SEARCH_PATHS = (
					"$(inherited)",
					"@executable_path/Frameworks",
				);
				PRODUCT_BUNDLE_IDENTIFIER = com.mohanad.GradientPractice;
				PRODUCT_NAME = "$(TARGET_NAME)";
				SWIFT_VERSION = 4.0;
				TARGETED_DEVICE_FAMILY = "1,2";
			};
			name = Debug;
		};
		A401A8922086917600774820 /* Release */ = {
			isa = XCBuildConfiguration;
			buildSettings = {
				ASSETCATALOG_COMPILER_APPICON_NAME = AppIcon;
				CODE_SIGN_STYLE = Automatic;
				INFOPLIST_FILE = GradientPractice/Info.plist;
				LD_RUNPATH_SEARCH_PATHS = (
					"$(inherited)",
					"@executable_path/Frameworks",
				);
				PRODUCT_BUNDLE_IDENTIFIER = com.mohanad.GradientPractice;
				PRODUCT_NAME = "$(TARGET_NAME)";
				SWIFT_VERSION = 4.0;
				TARGETED_DEVICE_FAMILY = "1,2";
			};
			name = Release;
		};
/* End XCBuildConfiguration section */

/* Begin XCConfigurationList section */
		A401A8792086917400774820 /* Build configuration list for PBXProject "GradientPractice" */ = {
			isa = XCConfigurationList;
			buildConfigurations = (
				A401A88E2086917600774820 /* Debug */,
				A401A88F2086917600774820 /* Release */,
			);
			defaultConfigurationIsVisible = 0;
			defaultConfigurationName = Release;
		};
		A401A8902086917600774820 /* Build configuration list for PBXNativeTarget "GradientPractice" */ = {
			isa = XCConfigurationList;
			buildConfigurations = (
				A401A8912086917600774820 /* Debug */,
				A401A8922086917600774820 /* Release */,
			);
			defaultConfigurationIsVisible = 0;
			defaultConfigurationName = Release;
		};
/* End XCConfigurationList section */
	};
	rootObject = A401A8762086917400774820 /* Project object */;
}
